{
  "dependencies": {
    "bitcore": {
      "version": "0.9.5",
      "dependencies": {
        "bn.js": {
          "version": "0.16.1"
        },
        "bs58": {
          "version": "2.0.0"
        },
        "elliptic": {
          "version": "0.16.0",
          "dependencies": {
            "brorand": {
              "version": "1.0.1"
            }
          }
        },
        "hash.js": {
          "version": "0.3.2"
        },
        "inherits": {
          "version": "2.0.1"
        },
        "lodash": {
          "version": "2.4.1"
        },
        "sha512": {
          "version": "0.0.1"
        }
      }
    }
  }
}
